
Microsoft Visual Studio Solution File, Format Version 12.00
# Visual Studio Version 17
VisualStudioVersion = 17.4.33213.308
MinimumVisualStudioVersion = 10.0.40219.1
Project("{9A19103F-16F7-4668-BE54-9A1E7A4F7556}") = "MobileArtsAPI", "MobileArtsAPI.csproj", "{38F415E4-B8A5-46B6-BA8B-769A42F5774F}"
EndProject
Global
	GlobalSection(SolutionConfigurationPlatforms) = preSolution
		Debug|Any CPU = Debug|Any CPU
		Release|Any CPU = Release|Any CPU
	EndGlobalSection
	GlobalSection(ProjectConfigurationPlatforms) = postSolution
		{38F415E4-B8A5-46B6-BA8B-769A42F5774F}.Debug|Any CPU.ActiveCfg = Debug|Any CPU
		{38F415E4-B8A5-46B6-BA8B-769A42F5774F}.Debug|Any CPU.Build.0 = Debug|Any CPU
		{38F415E4-B8A5-46B6-BA8B-769A42F5774F}.Release|Any CPU.ActiveCfg = Release|Any CPU
		{38F415E4-B8A5-46B6-BA8B-769A42F5774F}.Release|Any CPU.Build.0 = Release|Any CPU
	EndGlobalSection
	GlobalSection(SolutionProperties) = preSolution
		HideSolutionNode = FALSE
	EndGlobalSection
	GlobalSection(ExtensibilityGlobals) = postSolution
		SolutionGuid = {5A54B857-92B7-4244-8432-4C56C77ED7F6}
	EndGlobalSection
EndGlobal
